
Microsoft Visual Studio Solution File, Format Version 12.00
# Visual Studio Version 16
VisualStudioVersion = 16.0.30413.136
MinimumVisualStudioVersion = 10.0.40219.1
Project("{9A19103F-16F7-4668-BE54-9A1E7A4F7556}") = "Lab1", "lab1\Lab1.csproj", "{19B5A75F-69EB-45C9-AA5A-0B4D81768F17}"
EndProject
Project("{FAE04EC0-301F-11D3-BF4B-00C04F79EFBC}") = "Testing", "Testing\Testing.csproj", "{D5322E3A-570C-4706-9AC4-053A2D5B1557}"
EndProject
Global
	GlobalSection(SolutionConfigurationPlatforms) = preSolution
		Debug|Any CPU = Debug|Any CPU
		Release|Any CPU = Release|Any CPU
	EndGlobalSection
	GlobalSection(ProjectConfigurationPlatforms) = postSolution
		{19B5A75F-69EB-45C9-AA5A-0B4D81768F17}.Debug|Any CPU.ActiveCfg = Debug|Any CPU
		{19B5A75F-69EB-45C9-AA5A-0B4D81768F17}.Debug|Any CPU.Build.0 = Debug|Any CPU
		{19B5A75F-69EB-45C9-AA5A-0B4D81768F17}.Release|Any CPU.ActiveCfg = Release|Any CPU
		{19B5A75F-69EB-45C9-AA5A-0B4D81768F17}.Release|Any CPU.Build.0 = Release|Any CPU
		{D5322E3A-570C-4706-9AC4-053A2D5B1557}.Debug|Any CPU.ActiveCfg = Debug|Any CPU
		{D5322E3A-570C-4706-9AC4-053A2D5B1557}.Debug|Any CPU.Build.0 = Debug|Any CPU
		{D5322E3A-570C-4706-9AC4-053A2D5B1557}.Release|Any CPU.ActiveCfg = Release|Any CPU
		{D5322E3A-570C-4706-9AC4-053A2D5B1557}.Release|Any CPU.Build.0 = Release|Any CPU
	EndGlobalSection
	GlobalSection(SolutionProperties) = preSolution
		HideSolutionNode = FALSE
	EndGlobalSection
	GlobalSection(ExtensibilityGlobals) = postSolution
		SolutionGuid = {93ABA3FE-5762-414E-B6D0-9595AEA9735B}
	EndGlobalSection
EndGlobal
